
Microsoft Visual Studio Solution File, Format Version 12.00
# Visual Studio Version 17
VisualStudioVersion = 17.4.33213.308
MinimumVisualStudioVersion = 10.0.40219.1
Project("{FAE04EC0-301F-11D3-BF4B-00C04F79EFBC}") = "MitsubishiRx", "MitsubishiRx\MitsubishiRx.csproj", "{5B7BE84E-DF37-42D3-8811-0D6964003EB0}"
EndProject
Project("{FAE04EC0-301F-11D3-BF4B-00C04F79EFBC}") = "MitsubishiRx.Tests", "..\tests\MitsubishiRx.Tests\MitsubishiRx.Tests.csproj", "{A52D9B7E-344F-428D-8E9C-38E40BE5F41A}"
EndProject
Global
	GlobalSection(SolutionConfigurationPlatforms) = preSolution
		Debug|Any CPU = Debug|Any CPU
		Debug|x64 = Debug|x64
		Debug|x86 = Debug|x86
		PreRelease|Any CPU = PreRelease|Any CPU
		PreRelease|x64 = PreRelease|x64
		PreRelease|x86 = PreRelease|x86
		Release|Any CPU = Release|Any CPU
		Release|x64 = Release|x64
		Release|x86 = Release|x86
	EndGlobalSection
	GlobalSection(ProjectConfigurationPlatforms) = postSolution
		{5B7BE84E-DF37-42D3-8811-0D6964003EB0}.Debug|Any CPU.ActiveCfg = Debug|Any CPU
		{5B7BE84E-DF37-42D3-8811-0D6964003EB0}.Debug|Any CPU.Build.0 = Debug|Any CPU
		{5B7BE84E-DF37-42D3-8811-0D6964003EB0}.Debug|x64.ActiveCfg = Debug|Any CPU
		{5B7BE84E-DF37-42D3-8811-0D6964003EB0}.Debug|x64.Build.0 = Debug|Any CPU
		{5B7BE84E-DF37-42D3-8811-0D6964003EB0}.Debug|x86.ActiveCfg = Debug|Any CPU
		{5B7BE84E-DF37-42D3-8811-0D6964003EB0}.Debug|x86.Build.0 = Debug|Any CPU
		{5B7BE84E-DF37-42D3-8811-0D6964003EB0}.PreRelease|Any CPU.ActiveCfg = PreRelease|Any CPU
		{5B7BE84E-DF37-42D3-8811-0D6964003EB0}.PreRelease|Any CPU.Build.0 = PreRelease|Any CPU
		{5B7BE84E-DF37-42D3-8811-0D6964003EB0}.PreRelease|x64.ActiveCfg = PreRelease|Any CPU
		{5B7BE84E-DF37-42D3-8811-0D6964003EB0}.PreRelease|x64.Build.0 = PreRelease|Any CPU
		{5B7BE84E-DF37-42D3-8811-0D6964003EB0}.PreRelease|x86.ActiveCfg = PreRelease|Any CPU
		{5B7BE84E-DF37-42D3-8811-0D6964003EB0}.PreRelease|x86.Build.0 = PreRelease|Any CPU
		{5B7BE84E-DF37-42D3-8811-0D6964003EB0}.Release|Any CPU.ActiveCfg = Release|Any CPU
		{5B7BE84E-DF37-42D3-8811-0D6964003EB0}.Release|Any CPU.Build.0 = Release|Any CPU
		{5B7BE84E-DF37-42D3-8811-0D6964003EB0}.Release|x64.ActiveCfg = Release|Any CPU
		{5B7BE84E-DF37-42D3-8811-0D6964003EB0}.Release|x64.Build.0 = Release|Any CPU
		{5B7BE84E-DF37-42D3-8811-0D6964003EB0}.Release|x86.ActiveCfg = Release|Any CPU
		{5B7BE84E-DF37-42D3-8811-0D6964003EB0}.Release|x86.Build.0 = Release|Any CPU
		{A52D9B7E-344F-428D-8E9C-38E40BE5F41A}.Debug|Any CPU.ActiveCfg = Debug|Any CPU
		{A52D9B7E-344F-428D-8E9C-38E40BE5F41A}.Debug|Any CPU.Build.0 = Debug|Any CPU
		{A52D9B7E-344F-428D-8E9C-38E40BE5F41A}.Debug|x64.ActiveCfg = Debug|Any CPU
		{A52D9B7E-344F-428D-8E9C-38E40BE5F41A}.Debug|x64.Build.0 = Debug|Any CPU
		{A52D9B7E-344F-428D-8E9C-38E40BE5F41A}.Debug|x86.ActiveCfg = Debug|Any CPU
		{A52D9B7E-344F-428D-8E9C-38E40BE5F41A}.Debug|x86.Build.0 = Debug|Any CPU
		{A52D9B7E-344F-428D-8E9C-38E40BE5F41A}.PreRelease|Any CPU.ActiveCfg = PreRelease|Any CPU
		{A52D9B7E-344F-428D-8E9C-38E40BE5F41A}.PreRelease|Any CPU.Build.0 = PreRelease|Any CPU
		{A52D9B7E-344F-428D-8E9C-38E40BE5F41A}.PreRelease|x64.ActiveCfg = PreRelease|Any CPU
		{A52D9B7E-344F-428D-8E9C-38E40BE5F41A}.PreRelease|x64.Build.0 = PreRelease|Any CPU
		{A52D9B7E-344F-428D-8E9C-38E40BE5F41A}.PreRelease|x86.ActiveCfg = PreRelease|Any CPU
		{A52D9B7E-344F-428D-8E9C-38E40BE5F41A}.PreRelease|x86.Build.0 = PreRelease|Any CPU
		{A52D9B7E-344F-428D-8E9C-38E40BE5F41A}.Release|Any CPU.ActiveCfg = Release|Any CPU
		{A52D9B7E-344F-428D-8E9C-38E40BE5F41A}.Release|Any CPU.Build.0 = Release|Any CPU
		{A52D9B7E-344F-428D-8E9C-38E40BE5F41A}.Release|x64.ActiveCfg = Release|Any CPU
		{A52D9B7E-344F-428D-8E9C-38E40BE5F41A}.Release|x64.Build.0 = Release|Any CPU
		{A52D9B7E-344F-428D-8E9C-38E40BE5F41A}.Release|x86.ActiveCfg = Release|Any CPU
		{A52D9B7E-344F-428D-8E9C-38E40BE5F41A}.Release|x86.Build.0 = Release|Any CPU
	EndGlobalSection
	GlobalSection(SolutionProperties) = preSolution
		HideSolutionNode = FALSE
	EndGlobalSection
	GlobalSection(ExtensibilityGlobals) = postSolution
		SolutionGuid = {7E948829-FAC0-40FC-8387-DD53B0BFD9FD}
	EndGlobalSection
EndGlobal
